
Microsoft Visual Studio Solution File, Format Version 12.00
# Visual Studio 15
VisualStudioVersion = 15.0.27130.2010
MinimumVisualStudioVersion = 10.0.40219.1
Project("{9A19103F-16F7-4668-BE54-9A1E7A4F7556}") = "FindBySurface", "FindBySurface\FindBySurface.csproj", "{4578E4ED-6B9C-4E80-A560-9BEF3626021C}"
EndProject
Project("{FAE04EC0-301F-11D3-BF4B-00C04F79EFBC}") = "FindBySurface.Tests", "FindBySurface.Tests\FindBySurface.Tests.csproj", "{293933E1-F925-4F3A-824E-07098EAA620D}"
EndProject
Global
	GlobalSection(SolutionConfigurationPlatforms) = preSolution
		Debug|Any CPU = Debug|Any CPU
		Release|Any CPU = Release|Any CPU
	EndGlobalSection
	GlobalSection(ProjectConfigurationPlatforms) = postSolution
		{4578E4ED-6B9C-4E80-A560-9BEF3626021C}.Debug|Any CPU.ActiveCfg = Debug|Any CPU
		{4578E4ED-6B9C-4E80-A560-9BEF3626021C}.Debug|Any CPU.Build.0 = Debug|Any CPU
		{4578E4ED-6B9C-4E80-A560-9BEF3626021C}.Release|Any CPU.ActiveCfg = Release|Any CPU
		{4578E4ED-6B9C-4E80-A560-9BEF3626021C}.Release|Any CPU.Build.0 = Release|Any CPU
		{293933E1-F925-4F3A-824E-07098EAA620D}.Debug|Any CPU.ActiveCfg = Debug|Any CPU
		{293933E1-F925-4F3A-824E-07098EAA620D}.Debug|Any CPU.Build.0 = Debug|Any CPU
		{293933E1-F925-4F3A-824E-07098EAA620D}.Release|Any CPU.ActiveCfg = Release|Any CPU
		{293933E1-F925-4F3A-824E-07098EAA620D}.Release|Any CPU.Build.0 = Release|Any CPU
	EndGlobalSection
	GlobalSection(SolutionProperties) = preSolution
		HideSolutionNode = FALSE
	EndGlobalSection
	GlobalSection(ExtensibilityGlobals) = postSolution
		SolutionGuid = {C4EE6205-2359-4D28-9D3E-9B45E14DCF84}
	EndGlobalSection
EndGlobal
